
Microsoft Visual Studio Solution File, Format Version 12.00
# Visual Studio Version 17
VisualStudioVersion = 17.9.34714.143
MinimumVisualStudioVersion = 10.0.40219.1
Project("{8BC9CEB8-8B4A-11D0-8D11-00A0C91BC942}") = "LuaScripting2D", "LuaScripting2D.vcxproj", "{88495793-7EE1-4DE0-B5C6-5A9F6A71AF2C}"
EndProject
Project("{8BC9CEB8-8B4A-11D0-8D11-00A0C91BC942}") = "EnetServerExample", "EnetServerExample\EnetServerExample.vcxproj", "{D97B0AA4-BA17-47FC-B7C7-6A206E204601}"
EndProject
Project("{8BC9CEB8-8B4A-11D0-8D11-00A0C91BC942}") = "EnetClientExample", "EnetClientExample\EnetClientExample.vcxproj", "{3ED65960-8334-4D13-A902-7F6F5D914986}"
EndProject
Project("{8BC9CEB8-8B4A-11D0-8D11-00A0C91BC942}") = "TilemapEditor", "TilemapEditor\TilemapEditor.vcxproj", "{63330E32-04A6-44BC-886E-1C7961AD3E50}"
EndProject
Project("{8BC9CEB8-8B4A-11D0-8D11-00A0C91BC942}") = "ParticlesEditor", "ParticlesEditor\ParticlesEditor.vcxproj", "{5FBE326B-393D-490E-8B05-33E28D6CFC15}"
EndProject
Global
	GlobalSection(SolutionConfigurationPlatforms) = preSolution
		Debug|x64 = Debug|x64
		Debug|x86 = Debug|x86
		Release|x64 = Release|x64
		Release|x86 = Release|x86
	EndGlobalSection
	GlobalSection(ProjectConfigurationPlatforms) = postSolution
		{88495793-7EE1-4DE0-B5C6-5A9F6A71AF2C}.Debug|x64.ActiveCfg = Debug|x64
		{88495793-7EE1-4DE0-B5C6-5A9F6A71AF2C}.Debug|x64.Build.0 = Debug|x64
		{88495793-7EE1-4DE0-B5C6-5A9F6A71AF2C}.Debug|x86.ActiveCfg = Debug|Win32
		{88495793-7EE1-4DE0-B5C6-5A9F6A71AF2C}.Debug|x86.Build.0 = Debug|Win32
		{88495793-7EE1-4DE0-B5C6-5A9F6A71AF2C}.Release|x64.ActiveCfg = Release|x64
		{88495793-7EE1-4DE0-B5C6-5A9F6A71AF2C}.Release|x64.Build.0 = Release|x64
		{88495793-7EE1-4DE0-B5C6-5A9F6A71AF2C}.Release|x86.ActiveCfg = Release|Win32
		{88495793-7EE1-4DE0-B5C6-5A9F6A71AF2C}.Release|x86.Build.0 = Release|Win32
		{D97B0AA4-BA17-47FC-B7C7-6A206E204601}.Debug|x64.ActiveCfg = Debug|x64
		{D97B0AA4-BA17-47FC-B7C7-6A206E204601}.Debug|x64.Build.0 = Debug|x64
		{D97B0AA4-BA17-47FC-B7C7-6A206E204601}.Debug|x86.ActiveCfg = Debug|Win32
		{D97B0AA4-BA17-47FC-B7C7-6A206E204601}.Debug|x86.Build.0 = Debug|Win32
		{D97B0AA4-BA17-47FC-B7C7-6A206E204601}.Release|x64.ActiveCfg = Release|x64
		{D97B0AA4-BA17-47FC-B7C7-6A206E204601}.Release|x64.Build.0 = Release|x64
		{D97B0AA4-BA17-47FC-B7C7-6A206E204601}.Release|x86.ActiveCfg = Release|Win32
		{D97B0AA4-BA17-47FC-B7C7-6A206E204601}.Release|x86.Build.0 = Release|Win32
		{3ED65960-8334-4D13-A902-7F6F5D914986}.Debug|x64.ActiveCfg = Debug|x64
		{3ED65960-8334-4D13-A902-7F6F5D914986}.Debug|x64.Build.0 = Debug|x64
		{3ED65960-8334-4D13-A902-7F6F5D914986}.Debug|x86.ActiveCfg = Debug|Win32
		{3ED65960-8334-4D13-A902-7F6F5D914986}.Debug|x86.Build.0 = Debug|Win32
		{3ED65960-8334-4D13-A902-7F6F5D914986}.Release|x64.ActiveCfg = Release|x64
		{3ED65960-8334-4D13-A902-7F6F5D914986}.Release|x64.Build.0 = Release|x64
		{3ED65960-8334-4D13-A902-7F6F5D914986}.Release|x86.ActiveCfg = Release|Win32
		{3ED65960-8334-4D13-A902-7F6F5D914986}.Release|x86.Build.0 = Release|Win32
		{63330E32-04A6-44BC-886E-1C7961AD3E50}.Debug|x64.ActiveCfg = Debug|x64
		{63330E32-04A6-44BC-886E-1C7961AD3E50}.Debug|x64.Build.0 = Debug|x64
		{63330E32-04A6-44BC-886E-1C7961AD3E50}.Debug|x86.ActiveCfg = Debug|Win32
		{63330E32-04A6-44BC-886E-1C7961AD3E50}.Debug|x86.Build.0 = Debug|Win32
		{63330E32-04A6-44BC-886E-1C7961AD3E50}.Release|x64.ActiveCfg = Release|x64
		{63330E32-04A6-44BC-886E-1C7961AD3E50}.Release|x64.Build.0 = Release|x64
		{63330E32-04A6-44BC-886E-1C7961AD3E50}.Release|x86.ActiveCfg = Release|Win32
		{63330E32-04A6-44BC-886E-1C7961AD3E50}.Release|x86.Build.0 = Release|Win32
		{5FBE326B-393D-490E-8B05-33E28D6CFC15}.Debug|x64.ActiveCfg = Debug|x64
		{5FBE326B-393D-490E-8B05-33E28D6CFC15}.Debug|x64.Build.0 = Debug|x64
		{5FBE326B-393D-490E-8B05-33E28D6CFC15}.Debug|x86.ActiveCfg = Debug|Win32
		{5FBE326B-393D-490E-8B05-33E28D6CFC15}.Debug|x86.Build.0 = Debug|Win32
		{5FBE326B-393D-490E-8B05-33E28D6CFC15}.Release|x64.ActiveCfg = Release|x64
		{5FBE326B-393D-490E-8B05-33E28D6CFC15}.Release|x64.Build.0 = Release|x64
		{5FBE326B-393D-490E-8B05-33E28D6CFC15}.Release|x86.ActiveCfg = Release|Win32
		{5FBE326B-393D-490E-8B05-33E28D6CFC15}.Release|x86.Build.0 = Release|Win32
	EndGlobalSection
	GlobalSection(SolutionProperties) = preSolution
		HideSolutionNode = FALSE
	EndGlobalSection
	GlobalSection(ExtensibilityGlobals) = postSolution
		SolutionGuid = {FA6DEE0D-9E6C-4A8F-AB1E-17173D057B07}
	EndGlobalSection
EndGlobal
