<?xml version="1.0" encoding="utf-8"?>
<Project ToolsVersion="4.0" xmlns="http://schemas.microsoft.com/developer/msbuild/2003">
  <ItemGroup>
    <Filter Include="Source Files">
      <UniqueIdentifier>{4FC737F1-C7A5-4376-A066-2A32D752A2FF}</UniqueIdentifier>
      <Extensions>cpp;c;cc;cxx;c++;cppm;ixx;def;odl;idl;hpj;bat;asm;asmx</Extensions>
    </Filter>
    <Filter Include="Header Files">
      <UniqueIdentifier>{93995380-89BD-4b04-88EB-625FBE52EBFB}</UniqueIdentifier>
      <Extensions>h;hh;hpp;hxx;h++;hm;inl;inc;ipp;xsd</Extensions>
    </Filter>
    <Filter Include="Resource Files">
      <UniqueIdentifier>{67DA6AB6-F800-4c08-8B7A-83BB121AAD01}</UniqueIdentifier>
      <Extensions>rc;ico;cur;bmp;dlg;rc2;rct;bin;rgs;gif;jpg;jpeg;jpe;resx;tiff;tif;png;wav;mfcribbon-ms</Extensions>
    </Filter>
    <Filter Include="Source Files\Modules">
      <UniqueIdentifier>{e903ad82-db3b-40ee-8bca-de5cbc0cc003}</UniqueIdentifier>
    </Filter>
    <Filter Include="Source Files\Scripts Docs">
      <UniqueIdentifier>{f5b9fe0e-e251-4814-b9a3-3b282442b3e7}</UniqueIdentifier>
    </Filter>
    <Filter Include="Source Files\SFML and Box2D Experiments">
      <UniqueIdentifier>{51ef9d2e-aaea-4087-ad25-9809347f1b2c}</UniqueIdentifier>
    </Filter>
    <Filter Include="Source Files\SFML Core Experiments">
      <UniqueIdentifier>{ed06ed78-9658-49c7-bd0f-7f8e95fd649f}</UniqueIdentifier>
    </Filter>
    <Filter Include="Source Files\SFML Systems">
      <UniqueIdentifier>{5d4c917d-04cd-422b-a39f-035bb72aa45b}</UniqueIdentifier>
    </Filter>
    <Filter Include="Source Files\Thirdparty">
      <UniqueIdentifier>{a06283fa-be60-4de9-a5aa-5c23ce4f533f}</UniqueIdentifier>
    </Filter>
    <Filter Include="Source Files\Scripts Docs\Pong Game">
      <UniqueIdentifier>{8da0e233-4421-4cc1-84e8-6091926bb0b6}</UniqueIdentifier>
    </Filter>
    <Filter Include="Source Files\Scripts Docs\Engine Tests">
      <UniqueIdentifier>{159f3448-7c39-4c30-bf65-3e785cf5e4ab}</UniqueIdentifier>
    </Filter>
  </ItemGroup>
  <ItemGroup>
    <ClCompile Include="main.cpp">
      <Filter>Source Files</Filter>
    </ClCompile>
    <ClCompile Include="sfml_window.cpp">
      <Filter>Source Files\SFML Core Experiments</Filter>
    </ClCompile>
    <ClCompile Include="sfml_basic_shapes.cpp">
      <Filter>Source Files\SFML Core Experiments</Filter>
    </ClCompile>
    <ClCompile Include="sfml_handling_input.cpp">
      <Filter>Source Files\SFML Core Experiments</Filter>
    </ClCompile>
    <ClCompile Include="sfml_working_with_text.cpp">
      <Filter>Source Files\SFML Core Experiments</Filter>
    </ClCompile>
    <ClCompile Include="sfml_textures.cpp">
      <Filter>Source Files\SFML Core Experiments</Filter>
    </ClCompile>
    <ClCompile Include="sfml_timing.cpp">
      <Filter>Source Files\SFML Core Experiments</Filter>
    </ClCompile>
    <ClCompile Include="sfml_shaders.cpp">
      <Filter>Source Files\SFML Core Experiments</Filter>
    </ClCompile>
    <ClCompile Include="sfml_particles.cpp">
      <Filter>Source Files\SFML Core Experiments</Filter>
    </ClCompile>
    <ClCompile Include="sfml_virtual_resolution.cpp">
      <Filter>Source Files\SFML Core Experiments</Filter>
    </ClCompile>
    <ClCompile Include="sfml_joystick.cpp">
      <Filter>Source Files\SFML Core Experiments</Filter>
    </ClCompile>
    <ClCompile Include="sfml_audio.cpp">
      <Filter>Source Files\SFML Core Experiments</Filter>
    </ClCompile>
    <ClCompile Include="sfml_box2d_basic.cpp">
      <Filter>Source Files\SFML and Box2D Experiments</Filter>
    </ClCompile>
    <ClCompile Include="sfml_basic_ui.cpp">
      <Filter>Source Files\SFML Systems</Filter>
    </ClCompile>
    <ClCompile Include="graphics.cpp">
      <Filter>Source Files\Modules</Filter>
    </ClCompile>
    <ClCompile Include="window.cpp">
      <Filter>Source Files\Modules</Filter>
    </ClCompile>
    <ClCompile Include="audio.cpp">
      <Filter>Source Files\Modules</Filter>
    </ClCompile>
    <ClCompile Include="input.cpp">
      <Filter>Source Files\Modules</Filter>
    </ClCompile>
    <ClCompile Include="timer.cpp">
      <Filter>Source Files\Modules</Filter>
    </ClCompile>
    <ClCompile Include="physics.cpp">
      <Filter>Source Files\Modules</Filter>
    </ClCompile>
    <ClCompile Include="event.cpp">
      <Filter>Source Files\Modules</Filter>
    </ClCompile>
    <ClCompile Include="core.cpp">
      <Filter>Source Files\Modules</Filter>
    </ClCompile>
    <ClCompile Include="sfml_cool_shader_effect.cpp">
      <Filter>Source Files\SFML Core Experiments</Filter>
    </ClCompile>
    <ClCompile Include="sfml_virtual_resolution_views.cpp">
      <Filter>Source Files\SFML Core Experiments</Filter>
    </ClCompile>
    <ClCompile Include="sfml_text_alignment.cpp">
      <Filter>Source Files\SFML Core Experiments</Filter>
    </ClCompile>
    <ClCompile Include="sfml_resolutionIndependent_letterboxing.cpp">
      <Filter>Source Files\SFML Core Experiments</Filter>
    </ClCompile>
    <ClCompile Include="sfml_push_pop_transformations.cpp">
      <Filter>Source Files\SFML Core Experiments</Filter>
    </ClCompile>
    <ClCompile Include="sfml_object_hierarchies_scene_graph.cpp">
      <Filter>Source Files\SFML Core Experiments</Filter>
    </ClCompile>
    <ClCompile Include="sfml_shapes.cpp">
      <Filter>Source Files\SFML Core Experiments</Filter>
    </ClCompile>
    <ClCompile Include="sfml_raycasting.cpp">
      <Filter>Source Files\SFML Systems</Filter>
    </ClCompile>
    <ClCompile Include="sfml_texture_filtering.cpp">
      <Filter>Source Files\SFML Core Experiments</Filter>
    </ClCompile>
    <ClCompile Include="sfml_timers_and_timelines.cpp">
      <Filter>Source Files\SFML Core Experiments</Filter>
    </ClCompile>
    <ClCompile Include="sfml_tilemap_tiled.cpp">
      <Filter>Source Files\SFML Systems</Filter>
    </ClCompile>
    <ClCompile Include="sfml_camera_and_screenshake_tilemap.cpp">
      <Filter>Source Files\SFML Systems</Filter>
    </ClCompile>
    <ClCompile Include="sfml_spritesheet_animation.cpp">
      <Filter>Source Files\SFML Systems</Filter>
    </ClCompile>
    <ClCompile Include="sfml_curves.cpp">
      <Filter>Source Files\SFML Systems</Filter>
    </ClCompile>
    <ClCompile Include="sfml_shear_transformations.cpp">
      <Filter>Source Files\SFML Core Experiments</Filter>
    </ClCompile>
    <ClCompile Include="sfml_rotate_around_center.cpp">
      <Filter>Source Files\SFML Core Experiments</Filter>
    </ClCompile>
  </ItemGroup>
  <ItemGroup>
    <None Include="data\grayscale.frag">
      <Filter>Resource Files</Filter>
    </None>
    <None Include="data\grayscale.vert">
      <Filter>Resource Files</Filter>
    </None>
    <None Include="data\pulse.frag">
      <Filter>Resource Files</Filter>
    </None>
    <None Include="data\pulse.vert">
      <Filter>Resource Files</Filter>
    </None>
    <None Include="script.lua">
      <Filter>Source Files\Scripts Docs\Pong Game</Filter>
    </None>
    <None Include="player.lua">
      <Filter>Source Files\Scripts Docs\Pong Game</Filter>
    </None>
    <None Include="test_printing_text.lua">
      <Filter>Source Files\Scripts Docs\Engine Tests</Filter>
    </None>
  </ItemGroup>
  <ItemGroup>
    <Image Include="bunny.jpg">
      <Filter>Resource Files</Filter>
    </Image>
  </ItemGroup>
  <ItemGroup>
    <ClInclude Include="graphics.h">
      <Filter>Source Files\Modules</Filter>
    </ClInclude>
    <ClInclude Include="window.h">
      <Filter>Source Files\Modules</Filter>
    </ClInclude>
    <ClInclude Include="audio.h">
      <Filter>Source Files\Modules</Filter>
    </ClInclude>
    <ClInclude Include="input.h">
      <Filter>Source Files\Modules</Filter>
    </ClInclude>
    <ClInclude Include="timer.h">
      <Filter>Source Files\Modules</Filter>
    </ClInclude>
    <ClInclude Include="physics.h">
      <Filter>Source Files\Modules</Filter>
    </ClInclude>
    <ClInclude Include="event.h">
      <Filter>Source Files\Modules</Filter>
    </ClInclude>
    <ClInclude Include="core.h">
      <Filter>Source Files\Modules</Filter>
    </ClInclude>
  </ItemGroup>
  <ItemGroup>
    <Media Include="data\music.mp3">
      <Filter>Resource Files</Filter>
    </Media>
    <Media Include="data\soundEffect.mp3">
      <Filter>Resource Files</Filter>
    </Media>
  </ItemGroup>
  <ItemGroup>
    <Text Include="TODO.txt" />
  </ItemGroup>
</Project>