<?xml version="1.0" encoding="utf-8"?>
<Project ToolsVersion="4.0" xmlns="http://schemas.microsoft.com/developer/msbuild/2003">
  <ItemGroup>
    <Filter Include="Source Files">
      <UniqueIdentifier>{4FC737F1-C7A5-4376-A066-2A32D752A2FF}</UniqueIdentifier>
      <Extensions>cpp;c;cc;cxx;c++;cppm;ixx;def;odl;idl;hpj;bat;asm;asmx</Extensions>
    </Filter>
    <Filter Include="Header Files">
      <UniqueIdentifier>{93995380-89BD-4b04-88EB-625FBE52EBFB}</UniqueIdentifier>
      <Extensions>h;hh;hpp;hxx;h++;hm;inl;inc;ipp;xsd</Extensions>
    </Filter>
    <Filter Include="Resource Files">
      <UniqueIdentifier>{67DA6AB6-F800-4c08-8B7A-83BB121AAD01}</UniqueIdentifier>
      <Extensions>rc;ico;cur;bmp;dlg;rc2;rct;bin;rgs;gif;jpg;jpeg;jpe;resx;tiff;tif;png;wav;mfcribbon-ms</Extensions>
    </Filter>
    <Filter Include="Source Files\Modules">
      <UniqueIdentifier>{e903ad82-db3b-40ee-8bca-de5cbc0cc003}</UniqueIdentifier>
    </Filter>
    <Filter Include="Source Files\Scripts Docs">
      <UniqueIdentifier>{f5b9fe0e-e251-4814-b9a3-3b282442b3e7}</UniqueIdentifier>
    </Filter>
    <Filter Include="Source Files\SFML and Box2D Experiments">
      <UniqueIdentifier>{51ef9d2e-aaea-4087-ad25-9809347f1b2c}</UniqueIdentifier>
    </Filter>
    <Filter Include="Source Files\SFML Core Experiments">
      <UniqueIdentifier>{ed06ed78-9658-49c7-bd0f-7f8e95fd649f}</UniqueIdentifier>
    </Filter>
    <Filter Include="Source Files\SFML Systems">
      <UniqueIdentifier>{5d4c917d-04cd-422b-a39f-035bb72aa45b}</UniqueIdentifier>
    </Filter>
  </ItemGroup>
  <ItemGroup>
    <ClCompile Include="main.cpp">
      <Filter>Source Files</Filter>
    </ClCompile>
    <ClCompile Include="sfml_window.cpp">
      <Filter>Source Files\SFML Core Experiments</Filter>
    </ClCompile>
    <ClCompile Include="sfml_basic_shapes.cpp">
      <Filter>Source Files\SFML Core Experiments</Filter>
    </ClCompile>
    <ClCompile Include="sfml_handling_input.cpp">
      <Filter>Source Files\SFML Core Experiments</Filter>
    </ClCompile>
    <ClCompile Include="sfml_working_with_text.cpp">
      <Filter>Source Files\SFML Core Experiments</Filter>
    </ClCompile>
    <ClCompile Include="sfml_textures.cpp">
      <Filter>Source Files\SFML Core Experiments</Filter>
    </ClCompile>
    <ClCompile Include="sfml_timing.cpp">
      <Filter>Source Files\SFML Core Experiments</Filter>
    </ClCompile>
    <ClCompile Include="sfml_shaders.cpp">
      <Filter>Source Files\SFML Core Experiments</Filter>
    </ClCompile>
    <ClCompile Include="sfml_particles.cpp">
      <Filter>Source Files\SFML Core Experiments</Filter>
    </ClCompile>
    <ClCompile Include="sfml_virtual_resolution.cpp">
      <Filter>Source Files\SFML Core Experiments</Filter>
    </ClCompile>
    <ClCompile Include="sfml_joystick.cpp">
      <Filter>Source Files\SFML Core Experiments</Filter>
    </ClCompile>
    <ClCompile Include="sfml_audio.cpp">
      <Filter>Source Files\SFML Core Experiments</Filter>
    </ClCompile>
    <ClCompile Include="sfml_box2d_basic.cpp">
      <Filter>Source Files\SFML and Box2D Experiments</Filter>
    </ClCompile>
    <ClCompile Include="sfml_basic_ui.cpp">
      <Filter>Source Files\SFML Systems</Filter>
    </ClCompile>
  </ItemGroup>
  <ItemGroup>
    <None Include="script.lua">
      <Filter>Source Files\Scripts Docs</Filter>
    </None>
    <None Include="data\grayscale.frag">
      <Filter>Resource Files</Filter>
    </None>
    <None Include="data\grayscale.vert">
      <Filter>Resource Files</Filter>
    </None>
    <None Include="data\pulse.frag">
      <Filter>Resource Files</Filter>
    </None>
    <None Include="data\pulse.vert">
      <Filter>Resource Files</Filter>
    </None>
  </ItemGroup>
  <ItemGroup>
    <Image Include="bunny.jpg">
      <Filter>Resource Files</Filter>
    </Image>
  </ItemGroup>
</Project>